// !$*UTF8*$!
{
	archiveVersion = 1;
	classes = {
	};
	objectVersion = 55;
	objects = {

/* Begin PBXBuildFile section */
		6322647F282BB06D00DEC480 /* Challenge_struct.swift in Sources */ = {isa = PBXBuildFile; fileRef = 6322647E282BB06D00DEC480 /* Challenge_struct.swift */; };
		63226481282BB0E500DEC480 /* Preferences_struct.swift in Sources */ = {isa = PBXBuildFile; fileRef = 63226480282BB0E500DEC480 /* Preferences_struct.swift */; };
		63226483282BB26000DEC480 /* User_struct.swift in Sources */ = {isa = PBXBuildFile; fileRef = 63226482282BB26000DEC480 /* User_struct.swift */; };
		63226485282BB36C00DEC480 /* Reward_struct.swift in Sources */ = {isa = PBXBuildFile; fileRef = 63226484282BB36C00DEC480 /* Reward_struct.swift */; };
		63226487282BB3C700DEC480 /* Level_struct.swift in Sources */ = {isa = PBXBuildFile; fileRef = 63226486282BB3C700DEC480 /* Level_struct.swift */; };
		63226489282BB64E00DEC480 /* OnboardingView.swift in Sources */ = {isa = PBXBuildFile; fileRef = 63226488282BB64E00DEC480 /* OnboardingView.swift */; };
		63226491282BB6D600DEC480 /* ChallengeView.swift in Sources */ = {isa = PBXBuildFile; fileRef = 63226490282BB6D600DEC480 /* ChallengeView.swift */; };
		63226493282BB6F500DEC480 /* DetailedChallengeView.swift in Sources */ = {isa = PBXBuildFile; fileRef = 63226492282BB6F500DEC480 /* DetailedChallengeView.swift */; };
		63226495282BB70E00DEC480 /* SuccessfulChallengeView_modal.swift in Sources */ = {isa = PBXBuildFile; fileRef = 63226494282BB70E00DEC480 /* SuccessfulChallengeView_modal.swift */; };
		63226497282BB72200DEC480 /* PreferencesView.swift in Sources */ = {isa = PBXBuildFile; fileRef = 63226496282BB72200DEC480 /* PreferencesView.swift */; };
		6322649F282BB76500DEC480 /* RankingView.swift in Sources */ = {isa = PBXBuildFile; fileRef = 6322649E282BB76500DEC480 /* RankingView.swift */; };
		632264A1282BB78000DEC480 /* LocalRankingView_option.swift in Sources */ = {isa = PBXBuildFile; fileRef = 632264A0282BB78000DEC480 /* LocalRankingView_option.swift */; };
		632264A3282BB79000DEC480 /* NationalRankingView_option.swift in Sources */ = {isa = PBXBuildFile; fileRef = 632264A2282BB79000DEC480 /* NationalRankingView_option.swift */; };
		632264A5282BB79F00DEC480 /* RewardsView.swift in Sources */ = {isa = PBXBuildFile; fileRef = 632264A4282BB79F00DEC480 /* RewardsView.swift */; };
		632264A7282BB7B300DEC480 /* NewRewardView_modal.swift in Sources */ = {isa = PBXBuildFile; fileRef = 632264A6282BB7B300DEC480 /* NewRewardView_modal.swift */; };
		63E37A41282BAFB0003B2698 /* EcoDutyApp.swift in Sources */ = {isa = PBXBuildFile; fileRef = 63E37A40282BAFB0003B2698 /* EcoDutyApp.swift */; };
		63E37A43282BAFB0003B2698 /* ContentView.swift in Sources */ = {isa = PBXBuildFile; fileRef = 63E37A42282BAFB0003B2698 /* ContentView.swift */; };
		63E37A45282BAFB1003B2698 /* Assets.xcassets in Resources */ = {isa = PBXBuildFile; fileRef = 63E37A44282BAFB1003B2698 /* Assets.xcassets */; };
		63E37A48282BAFB1003B2698 /* Preview Assets.xcassets in Resources */ = {isa = PBXBuildFile; fileRef = 63E37A47282BAFB1003B2698 /* Preview Assets.xcassets */; };
		C34FD722283287BF006072E5 /* ProfileView.swift in Sources */ = {isa = PBXBuildFile; fileRef = C34FD721283287BF006072E5 /* ProfileView.swift */; };
		C352049228357EE50029B11B /* Launch Screen.storyboard in Resources */ = {isa = PBXBuildFile; fileRef = C352049128357EE50029B11B /* Launch Screen.storyboard */; };
		C374F1A82833D19600BC4B3E /* DroppedChallengeView_modal.swift in Sources */ = {isa = PBXBuildFile; fileRef = C374F1A72833D19600BC4B3E /* DroppedChallengeView_modal.swift */; };
		C374F1AA2833E82200BC4B3E /* ChallengeProofView.swift in Sources */ = {isa = PBXBuildFile; fileRef = C374F1A92833E82200BC4B3E /* ChallengeProofView.swift */; };
		C388A87B28339B4600551292 /* EditProfileView.swift in Sources */ = {isa = PBXBuildFile; fileRef = C388A87A28339B4600551292 /* EditProfileView.swift */; };
		C3A451B7282CECBC006F9B53 /* ExtractComponents.swift in Sources */ = {isa = PBXBuildFile; fileRef = C3A451B6282CECBC006F9B53 /* ExtractComponents.swift */; };
		C3C036BF28339F94009F6F3B /* ImagePicker.swift in Sources */ = {isa = PBXBuildFile; fileRef = C3C036BE28339F94009F6F3B /* ImagePicker.swift */; };
		C3E73B24282E8F2C00384D3A /* CircleProfile.swift in Sources */ = {isa = PBXBuildFile; fileRef = C3E73B23282E8F2C00384D3A /* CircleProfile.swift */; };
/* End PBXBuildFile section */

/* Begin PBXFileReference section */
		6322647E282BB06D00DEC480 /* Challenge_struct.swift */ = {isa = PBXFileReference; lastKnownFileType = sourcecode.swift; path = Challenge_struct.swift; sourceTree = "<group>"; };
		63226480282BB0E500DEC480 /* Preferences_struct.swift */ = {isa = PBXFileReference; lastKnownFileType = sourcecode.swift; path = Preferences_struct.swift; sourceTree = "<group>"; };
		63226482282BB26000DEC480 /* User_struct.swift */ = {isa = PBXFileReference; lastKnownFileType = sourcecode.swift; path = User_struct.swift; sourceTree = "<group>"; };
		63226484282BB36C00DEC480 /* Reward_struct.swift */ = {isa = PBXFileReference; lastKnownFileType = sourcecode.swift; path = Reward_struct.swift; sourceTree = "<group>"; };
		63226486282BB3C700DEC480 /* Level_struct.swift */ = {isa = PBXFileReference; lastKnownFileType = sourcecode.swift; path = Level_struct.swift; sourceTree = "<group>"; };
		63226488282BB64E00DEC480 /* OnboardingView.swift */ = {isa = PBXFileReference; lastKnownFileType = sourcecode.swift; path = OnboardingView.swift; sourceTree = "<group>"; };
		63226490282BB6D600DEC480 /* ChallengeView.swift */ = {isa = PBXFileReference; lastKnownFileType = sourcecode.swift; path = ChallengeView.swift; sourceTree = "<group>"; };
		63226492282BB6F500DEC480 /* DetailedChallengeView.swift */ = {isa = PBXFileReference; lastKnownFileType = sourcecode.swift; path = DetailedChallengeView.swift; sourceTree = "<group>"; };
		63226494282BB70E00DEC480 /* SuccessfulChallengeView_modal.swift */ = {isa = PBXFileReference; lastKnownFileType = sourcecode.swift; path = SuccessfulChallengeView_modal.swift; sourceTree = "<group>"; };
		63226496282BB72200DEC480 /* PreferencesView.swift */ = {isa = PBXFileReference; lastKnownFileType = sourcecode.swift; path = PreferencesView.swift; sourceTree = "<group>"; };
		6322649E282BB76500DEC480 /* RankingView.swift */ = {isa = PBXFileReference; lastKnownFileType = sourcecode.swift; path = RankingView.swift; sourceTree = "<group>"; };
		632264A0282BB78000DEC480 /* LocalRankingView_option.swift */ = {isa = PBXFileReference; lastKnownFileType = sourcecode.swift; path = LocalRankingView_option.swift; sourceTree = "<group>"; };
		632264A2282BB79000DEC480 /* NationalRankingView_option.swift */ = {isa = PBXFileReference; lastKnownFileType = sourcecode.swift; path = NationalRankingView_option.swift; sourceTree = "<group>"; };
		632264A4282BB79F00DEC480 /* RewardsView.swift */ = {isa = PBXFileReference; lastKnownFileType = sourcecode.swift; path = RewardsView.swift; sourceTree = "<group>"; };
		632264A6282BB7B300DEC480 /* NewRewardView_modal.swift */ = {isa = PBXFileReference; lastKnownFileType = sourcecode.swift; path = NewRewardView_modal.swift; sourceTree = "<group>"; };
		63E37A3D282BAFB0003B2698 /* EcoDuty.app */ = {isa = PBXFileReference; explicitFileType = wrapper.application; includeInIndex = 0; path = EcoDuty.app; sourceTree = BUILT_PRODUCTS_DIR; };
		63E37A40282BAFB0003B2698 /* EcoDutyApp.swift */ = {isa = PBXFileReference; lastKnownFileType = sourcecode.swift; path = EcoDutyApp.swift; sourceTree = "<group>"; };
		63E37A42282BAFB0003B2698 /* ContentView.swift */ = {isa = PBXFileReference; lastKnownFileType = sourcecode.swift; path = ContentView.swift; sourceTree = "<group>"; };
		63E37A44282BAFB1003B2698 /* Assets.xcassets */ = {isa = PBXFileReference; lastKnownFileType = folder.assetcatalog; path = Assets.xcassets; sourceTree = "<group>"; };
		63E37A47282BAFB1003B2698 /* Preview Assets.xcassets */ = {isa = PBXFileReference; lastKnownFileType = folder.assetcatalog; path = "Preview Assets.xcassets"; sourceTree = "<group>"; };
		C34FD721283287BF006072E5 /* ProfileView.swift */ = {isa = PBXFileReference; lastKnownFileType = sourcecode.swift; path = ProfileView.swift; sourceTree = "<group>"; };
		C352049128357EE50029B11B /* Launch Screen.storyboard */ = {isa = PBXFileReference; lastKnownFileType = file.storyboard; path = "Launch Screen.storyboard"; sourceTree = "<group>"; };
		C374F1A72833D19600BC4B3E /* DroppedChallengeView_modal.swift */ = {isa = PBXFileReference; lastKnownFileType = sourcecode.swift; path = DroppedChallengeView_modal.swift; sourceTree = "<group>"; };
		C374F1A92833E82200BC4B3E /* ChallengeProofView.swift */ = {isa = PBXFileReference; lastKnownFileType = sourcecode.swift; path = ChallengeProofView.swift; sourceTree = "<group>"; };
		C388A87A28339B4600551292 /* EditProfileView.swift */ = {isa = PBXFileReference; lastKnownFileType = sourcecode.swift; path = EditProfileView.swift; sourceTree = "<group>"; };
		C3A451B6282CECBC006F9B53 /* ExtractComponents.swift */ = {isa = PBXFileReference; lastKnownFileType = sourcecode.swift; path = ExtractComponents.swift; sourceTree = "<group>"; };
		C3C036BE28339F94009F6F3B /* ImagePicker.swift */ = {isa = PBXFileReference; lastKnownFileType = sourcecode.swift; path = ImagePicker.swift; sourceTree = "<group>"; };
		C3DBD1B428310249007D7556 /* Info.plist */ = {isa = PBXFileReference; lastKnownFileType = text.plist; path = Info.plist; sourceTree = "<group>"; };
		C3E73B23282E8F2C00384D3A /* CircleProfile.swift */ = {isa = PBXFileReference; lastKnownFileType = sourcecode.swift; path = CircleProfile.swift; sourceTree = "<group>"; };
/* End PBXFileReference section */

/* Begin PBXFrameworksBuildPhase section */
		63E37A3A282BAFB0003B2698 /* Frameworks */ = {
			isa = PBXFrameworksBuildPhase;
			buildActionMask = 2147483647;
			files = (
			);
			runOnlyForDeploymentPostprocessing = 0;
		};
/* End PBXFrameworksBuildPhase section */

/* Begin PBXGroup section */
		63E37A34282BAFB0003B2698 = {
			isa = PBXGroup;
			children = (
				63E37A3F282BAFB0003B2698 /* EcoDuty */,
				63E37A3E282BAFB0003B2698 /* Products */,
			);
			sourceTree = "<group>";
		};
		63E37A3E282BAFB0003B2698 /* Products */ = {
			isa = PBXGroup;
			children = (
				63E37A3D282BAFB0003B2698 /* EcoDuty.app */,
			);
			name = Products;
			sourceTree = "<group>";
		};
		63E37A3F282BAFB0003B2698 /* EcoDuty */ = {
			isa = PBXGroup;
			children = (
				C3DBD1B428310249007D7556 /* Info.plist */,
				63E37A40282BAFB0003B2698 /* EcoDutyApp.swift */,
				C352049128357EE50029B11B /* Launch Screen.storyboard */,
				63E37A42282BAFB0003B2698 /* ContentView.swift */,
				C324F8272836431500852A21 /* Structures */,
				63E37A44282BAFB1003B2698 /* Assets.xcassets */,
				63E37A46282BAFB1003B2698 /* Preview Content */,
				C324F826283642F300852A21 /* OnBoarding */,
				C36543F62836417900C1652F /* Challenges */,
				C324F8232836426B00852A21 /* Rank */,
				C324F824283642A500852A21 /* Rewards */,
				C324F825283642D400852A21 /* Components */,
				C324F8222836423300852A21 /* Profile */,
			);
			path = EcoDuty;
			sourceTree = "<group>";
		};
		63E37A46282BAFB1003B2698 /* Preview Content */ = {
			isa = PBXGroup;
			children = (
				63E37A47282BAFB1003B2698 /* Preview Assets.xcassets */,
			);
			path = "Preview Content";
			sourceTree = "<group>";
		};
		C324F8222836423300852A21 /* Profile */ = {
			isa = PBXGroup;
			children = (
				C34FD721283287BF006072E5 /* ProfileView.swift */,
				C388A87A28339B4600551292 /* EditProfileView.swift */,
			);
			path = Profile;
			sourceTree = "<group>";
		};
		C324F8232836426B00852A21 /* Rank */ = {
			isa = PBXGroup;
			children = (
				6322649E282BB76500DEC480 /* RankingView.swift */,
				632264A0282BB78000DEC480 /* LocalRankingView_option.swift */,
				632264A2282BB79000DEC480 /* NationalRankingView_option.swift */,
			);
			path = Rank;
			sourceTree = "<group>";
		};
		C324F824283642A500852A21 /* Rewards */ = {
			isa = PBXGroup;
			children = (
				632264A4282BB79F00DEC480 /* RewardsView.swift */,
				632264A6282BB7B300DEC480 /* NewRewardView_modal.swift */,
			);
			path = Rewards;
			sourceTree = "<group>";
		};
		C324F825283642D400852A21 /* Components */ = {
			isa = PBXGroup;
			children = (
				C3E73B23282E8F2C00384D3A /* CircleProfile.swift */,
				C3A451B6282CECBC006F9B53 /* ExtractComponents.swift */,
			);
			path = Components;
			sourceTree = "<group>";
		};
		C324F826283642F300852A21 /* OnBoarding */ = {
			isa = PBXGroup;
			children = (
				63226488282BB64E00DEC480 /* OnboardingView.swift */,
			);
			path = OnBoarding;
			sourceTree = "<group>";
		};
		C324F8272836431500852A21 /* Structures */ = {
			isa = PBXGroup;
			children = (
				C3C036BE28339F94009F6F3B /* ImagePicker.swift */,
				6322647E282BB06D00DEC480 /* Challenge_struct.swift */,
				63226480282BB0E500DEC480 /* Preferences_struct.swift */,
				63226482282BB26000DEC480 /* User_struct.swift */,
				63226484282BB36C00DEC480 /* Reward_struct.swift */,
				63226486282BB3C700DEC480 /* Level_struct.swift */,
			);
			path = Structures;
			sourceTree = "<group>";
		};
		C36543F62836417900C1652F /* Challenges */ = {
			isa = PBXGroup;
			children = (
				63226496282BB72200DEC480 /* PreferencesView.swift */,
				63226490282BB6D600DEC480 /* ChallengeView.swift */,
				63226492282BB6F500DEC480 /* DetailedChallengeView.swift */,
				C374F1A72833D19600BC4B3E /* DroppedChallengeView_modal.swift */,
				C374F1A92833E82200BC4B3E /* ChallengeProofView.swift */,
				63226494282BB70E00DEC480 /* SuccessfulChallengeView_modal.swift */,
			);
			path = Challenges;
			sourceTree = "<group>";
		};
/* End PBXGroup section */

/* Begin PBXNativeTarget section */
		63E37A3C282BAFB0003B2698 /* EcoDuty */ = {
			isa = PBXNativeTarget;
			buildConfigurationList = 63E37A4B282BAFB1003B2698 /* Build configuration list for PBXNativeTarget "EcoDuty" */;
			buildPhases = (
				63E37A39282BAFB0003B2698 /* Sources */,
				63E37A3A282BAFB0003B2698 /* Frameworks */,
				63E37A3B282BAFB0003B2698 /* Resources */,
			);
			buildRules = (
			);
			dependencies = (
			);
			name = EcoDuty;
			productName = EcoDuty;
			productReference = 63E37A3D282BAFB0003B2698 /* EcoDuty.app */;
			productType = "com.apple.product-type.application";
		};
/* End PBXNativeTarget section */

/* Begin PBXProject section */
		63E37A35282BAFB0003B2698 /* Project object */ = {
			isa = PBXProject;
			attributes = {
				BuildIndependentTargetsInParallel = 1;
				LastSwiftUpdateCheck = 1330;
				LastUpgradeCheck = 1330;
				TargetAttributes = {
					63E37A3C282BAFB0003B2698 = {
						CreatedOnToolsVersion = 13.3.1;
					};
				};
			};
			buildConfigurationList = 63E37A38282BAFB0003B2698 /* Build configuration list for PBXProject "EcoDuty" */;
			compatibilityVersion = "Xcode 13.0";
			developmentRegion = en;
			hasScannedForEncodings = 0;
			knownRegions = (
				en,
				Base,
			);
			mainGroup = 63E37A34282BAFB0003B2698;
			productRefGroup = 63E37A3E282BAFB0003B2698 /* Products */;
			projectDirPath = "";
			projectRoot = "";
			targets = (
				63E37A3C282BAFB0003B2698 /* EcoDuty */,
			);
		};
/* End PBXProject section */

/* Begin PBXResourcesBuildPhase section */
		63E37A3B282BAFB0003B2698 /* Resources */ = {
			isa = PBXResourcesBuildPhase;
			buildActionMask = 2147483647;
			files = (
				C352049228357EE50029B11B /* Launch Screen.storyboard in Resources */,
				63E37A48282BAFB1003B2698 /* Preview Assets.xcassets in Resources */,
				63E37A45282BAFB1003B2698 /* Assets.xcassets in Resources */,
			);
			runOnlyForDeploymentPostprocessing = 0;
		};
/* End PBXResourcesBuildPhase section */

/* Begin PBXSourcesBuildPhase section */
		63E37A39282BAFB0003B2698 /* Sources */ = {
			isa = PBXSourcesBuildPhase;
			buildActionMask = 2147483647;
			files = (
				C3E73B24282E8F2C00384D3A /* CircleProfile.swift in Sources */,
				6322649F282BB76500DEC480 /* RankingView.swift in Sources */,
				C374F1AA2833E82200BC4B3E /* ChallengeProofView.swift in Sources */,
				63E37A43282BAFB0003B2698 /* ContentView.swift in Sources */,
				63226487282BB3C700DEC480 /* Level_struct.swift in Sources */,
				632264A5282BB79F00DEC480 /* RewardsView.swift in Sources */,
				6322647F282BB06D00DEC480 /* Challenge_struct.swift in Sources */,
				63226493282BB6F500DEC480 /* DetailedChallengeView.swift in Sources */,
				C34FD722283287BF006072E5 /* ProfileView.swift in Sources */,
				632264A1282BB78000DEC480 /* LocalRankingView_option.swift in Sources */,
				63226481282BB0E500DEC480 /* Preferences_struct.swift in Sources */,
				63226483282BB26000DEC480 /* User_struct.swift in Sources */,
				C3C036BF28339F94009F6F3B /* ImagePicker.swift in Sources */,
				63226485282BB36C00DEC480 /* Reward_struct.swift in Sources */,
				C388A87B28339B4600551292 /* EditProfileView.swift in Sources */,
				C374F1A82833D19600BC4B3E /* DroppedChallengeView_modal.swift in Sources */,
				632264A7282BB7B300DEC480 /* NewRewardView_modal.swift in Sources */,
				63226491282BB6D600DEC480 /* ChallengeView.swift in Sources */,
				632264A3282BB79000DEC480 /* NationalRankingView_option.swift in Sources */,
				63226497282BB72200DEC480 /* PreferencesView.swift in Sources */,
				C3A451B7282CECBC006F9B53 /* ExtractComponents.swift in Sources */,
				63226495282BB70E00DEC480 /* SuccessfulChallengeView_modal.swift in Sources */,
				63226489282BB64E00DEC480 /* OnboardingView.swift in Sources */,
				63E37A41282BAFB0003B2698 /* EcoDutyApp.swift in Sources */,
			);
			runOnlyForDeploymentPostprocessing = 0;
		};
/* End PBXSourcesBuildPhase section */

/* Begin XCBuildConfiguration section */
		63E37A49282BAFB1003B2698 /* Debug */ = {
			isa = XCBuildConfiguration;
			buildSettings = {
				ALWAYS_SEARCH_USER_PATHS = NO;
				CLANG_ANALYZER_NONNULL = YES;
				CLANG_ANALYZER_NUMBER_OBJECT_CONVERSION = YES_AGGRESSIVE;
				CLANG_CXX_LANGUAGE_STANDARD = "gnu++17";
				CLANG_ENABLE_MODULES = YES;
				CLANG_ENABLE_OBJC_ARC = YES;
				CLANG_ENABLE_OBJC_WEAK = YES;
				CLANG_WARN_BLOCK_CAPTURE_AUTORELEASING = YES;
				CLANG_WARN_BOOL_CONVERSION = YES;
				CLANG_WARN_COMMA = YES;
				CLANG_WARN_CONSTANT_CONVERSION = YES;
				CLANG_WARN_DEPRECATED_OBJC_IMPLEMENTATIONS = YES;
				CLANG_WARN_DIRECT_OBJC_ISA_USAGE = YES_ERROR;
				CLANG_WARN_DOCUMENTATION_COMMENTS = YES;
				CLANG_WARN_EMPTY_BODY = YES;
				CLANG_WARN_ENUM_CONVERSION = YES;
				CLANG_WARN_INFINITE_RECURSION = YES;
				CLANG_WARN_INT_CONVERSION = YES;
				CLANG_WARN_NON_LITERAL_NULL_CONVERSION = YES;
				CLANG_WARN_OBJC_IMPLICIT_RETAIN_SELF = YES;
				CLANG_WARN_OBJC_LITERAL_CONVERSION = YES;
				CLANG_WARN_OBJC_ROOT_CLASS = YES_ERROR;
				CLANG_WARN_QUOTED_INCLUDE_IN_FRAMEWORK_HEADER = YES;
				CLANG_WARN_RANGE_LOOP_ANALYSIS = YES;
				CLANG_WARN_STRICT_PROTOTYPES = YES;
				CLANG_WARN_SUSPICIOUS_MOVE = YES;
				CLANG_WARN_UNGUARDED_AVAILABILITY = YES_AGGRESSIVE;
				CLANG_WARN_UNREACHABLE_CODE = YES;
				CLANG_WARN__DUPLICATE_METHOD_MATCH = YES;
				COPY_PHASE_STRIP = NO;
				DEBUG_INFORMATION_FORMAT = dwarf;
				ENABLE_STRICT_OBJC_MSGSEND = YES;
				ENABLE_TESTABILITY = YES;
				GCC_C_LANGUAGE_STANDARD = gnu11;
				GCC_DYNAMIC_NO_PIC = NO;
				GCC_NO_COMMON_BLOCKS = YES;
				GCC_OPTIMIZATION_LEVEL = 0;
				GCC_PREPROCESSOR_DEFINITIONS = (
					"DEBUG=1",
					"$(inherited)",
				);
				GCC_WARN_64_TO_32_BIT_CONVERSION = YES;
				GCC_WARN_ABOUT_RETURN_TYPE = YES_ERROR;
				GCC_WARN_UNDECLARED_SELECTOR = YES;
				GCC_WARN_UNINITIALIZED_AUTOS = YES_AGGRESSIVE;
				GCC_WARN_UNUSED_FUNCTION = YES;
				GCC_WARN_UNUSED_VARIABLE = YES;
				IPHONEOS_DEPLOYMENT_TARGET = 15.4;
				MTL_ENABLE_DEBUG_INFO = INCLUDE_SOURCE;
				MTL_FAST_MATH = YES;
				ONLY_ACTIVE_ARCH = YES;
				SDKROOT = iphoneos;
				SWIFT_ACTIVE_COMPILATION_CONDITIONS = DEBUG;
				SWIFT_OPTIMIZATION_LEVEL = "-Onone";
			};
			name = Debug;
		};
		63E37A4A282BAFB1003B2698 /* Release */ = {
			isa = XCBuildConfiguration;
			buildSettings = {
				ALWAYS_SEARCH_USER_PATHS = NO;
				CLANG_ANALYZER_NONNULL = YES;
				CLANG_ANALYZER_NUMBER_OBJECT_CONVERSION = YES_AGGRESSIVE;
				CLANG_CXX_LANGUAGE_STANDARD = "gnu++17";
				CLANG_ENABLE_MODULES = YES;
				CLANG_ENABLE_OBJC_ARC = YES;
				CLANG_ENABLE_OBJC_WEAK = YES;
				CLANG_WARN_BLOCK_CAPTURE_AUTORELEASING = YES;
				CLANG_WARN_BOOL_CONVERSION = YES;
				CLANG_WARN_COMMA = YES;
				CLANG_WARN_CONSTANT_CONVERSION = YES;
				CLANG_WARN_DEPRECATED_OBJC_IMPLEMENTATIONS = YES;
				CLANG_WARN_DIRECT_OBJC_ISA_USAGE = YES_ERROR;
				CLANG_WARN_DOCUMENTATION_COMMENTS = YES;
				CLANG_WARN_EMPTY_BODY = YES;
				CLANG_WARN_ENUM_CONVERSION = YES;
				CLANG_WARN_INFINITE_RECURSION = YES;
				CLANG_WARN_INT_CONVERSION = YES;
				CLANG_WARN_NON_LITERAL_NULL_CONVERSION = YES;
				CLANG_WARN_OBJC_IMPLICIT_RETAIN_SELF = YES;
				CLANG_WARN_OBJC_LITERAL_CONVERSION = YES;
				CLANG_WARN_OBJC_ROOT_CLASS = YES_ERROR;
				CLANG_WARN_QUOTED_INCLUDE_IN_FRAMEWORK_HEADER = YES;
				CLANG_WARN_RANGE_LOOP_ANALYSIS = YES;
				CLANG_WARN_STRICT_PROTOTYPES = YES;
				CLANG_WARN_SUSPICIOUS_MOVE = YES;
				CLANG_WARN_UNGUARDED_AVAILABILITY = YES_AGGRESSIVE;
				CLANG_WARN_UNREACHABLE_CODE = YES;
				CLANG_WARN__DUPLICATE_METHOD_MATCH = YES;
				COPY_PHASE_STRIP = NO;
				DEBUG_INFORMATION_FORMAT = "dwarf-with-dsym";
				ENABLE_NS_ASSERTIONS = NO;
				ENABLE_STRICT_OBJC_MSGSEND = YES;
				GCC_C_LANGUAGE_STANDARD = gnu11;
				GCC_NO_COMMON_BLOCKS = YES;
				GCC_WARN_64_TO_32_BIT_CONVERSION = YES;
				GCC_WARN_ABOUT_RETURN_TYPE = YES_ERROR;
				GCC_WARN_UNDECLARED_SELECTOR = YES;
				GCC_WARN_UNINITIALIZED_AUTOS = YES_AGGRESSIVE;
				GCC_WARN_UNUSED_FUNCTION = YES;
				GCC_WARN_UNUSED_VARIABLE = YES;
				IPHONEOS_DEPLOYMENT_TARGET = 15.4;
				MTL_ENABLE_DEBUG_INFO = NO;
				MTL_FAST_MATH = YES;
				SDKROOT = iphoneos;
				SWIFT_COMPILATION_MODE = wholemodule;
				SWIFT_OPTIMIZATION_LEVEL = "-O";
				VALIDATE_PRODUCT = YES;
			};
			name = Release;
		};
		63E37A4C282BAFB1003B2698 /* Debug */ = {
			isa = XCBuildConfiguration;
			buildSettings = {
				ASSETCATALOG_COMPILER_APPICON_NAME = AppIcon;
				ASSETCATALOG_COMPILER_GLOBAL_ACCENT_COLOR_NAME = AccentColor;
				CODE_SIGN_IDENTITY = "Apple Development";
				CODE_SIGN_STYLE = Automatic;
				CURRENT_PROJECT_VERSION = 1;
				DEVELOPMENT_ASSET_PATHS = "\"EcoDuty/Preview Content\"";
				DEVELOPMENT_TEAM = 373J5CNN7J;
				ENABLE_PREVIEWS = YES;
				GENERATE_INFOPLIST_FILE = YES;
				INFOPLIST_FILE = EcoDuty/Info.plist;
				INFOPLIST_KEY_UIApplicationSceneManifest_Generation = YES;
				INFOPLIST_KEY_UIApplicationSupportsIndirectInputEvents = YES;
				INFOPLIST_KEY_UILaunchScreen_Generation = YES;
				INFOPLIST_KEY_UILaunchStoryboardName = "Launch Screen";
				INFOPLIST_KEY_UISupportedInterfaceOrientations_iPad = "UIInterfaceOrientationPortrait UIInterfaceOrientationPortraitUpsideDown UIInterfaceOrientationLandscapeLeft UIInterfaceOrientationLandscapeRight";
				INFOPLIST_KEY_UISupportedInterfaceOrientations_iPhone = "UIInterfaceOrientationPortrait UIInterfaceOrientationLandscapeLeft UIInterfaceOrientationLandscapeRight";
				LD_RUNPATH_SEARCH_PATHS = (
					"$(inherited)",
					"@executable_path/Frameworks",
				);
				MARKETING_VERSION = 1.0;
				PRODUCT_BUNDLE_IDENTIFIER = com.teresa.EcoDuty;
				PRODUCT_NAME = "$(TARGET_NAME)";
				PROVISIONING_PROFILE_SPECIFIER = "";
				SWIFT_EMIT_LOC_STRINGS = YES;
				SWIFT_VERSION = 5.0;
				TARGETED_DEVICE_FAMILY = "1,2";
			};
			name = Debug;
		};
		63E37A4D282BAFB1003B2698 /* Release */ = {
			isa = XCBuildConfiguration;
			buildSettings = {
				ASSETCATALOG_COMPILER_APPICON_NAME = AppIcon;
				ASSETCATALOG_COMPILER_GLOBAL_ACCENT_COLOR_NAME = AccentColor;
				CODE_SIGN_IDENTITY = "Apple Development";
				CODE_SIGN_STYLE = Automatic;
				CURRENT_PROJECT_VERSION = 1;
				DEVELOPMENT_ASSET_PATHS = "\"EcoDuty/Preview Content\"";
				DEVELOPMENT_TEAM = 373J5CNN7J;
				ENABLE_PREVIEWS = YES;
				GENERATE_INFOPLIST_FILE = YES;
				INFOPLIST_FILE = EcoDuty/Info.plist;
				INFOPLIST_KEY_UIApplicationSceneManifest_Generation = YES;
				INFOPLIST_KEY_UIApplicationSupportsIndirectInputEvents = YES;
				INFOPLIST_KEY_UILaunchScreen_Generation = YES;
				INFOPLIST_KEY_UILaunchStoryboardName = "Launch Screen";
				INFOPLIST_KEY_UISupportedInterfaceOrientations_iPad = "UIInterfaceOrientationPortrait UIInterfaceOrientationPortraitUpsideDown UIInterfaceOrientationLandscapeLeft UIInterfaceOrientationLandscapeRight";
				INFOPLIST_KEY_UISupportedInterfaceOrientations_iPhone = "UIInterfaceOrientationPortrait UIInterfaceOrientationLandscapeLeft UIInterfaceOrientationLandscapeRight";
				LD_RUNPATH_SEARCH_PATHS = (
					"$(inherited)",
					"@executable_path/Frameworks",
				);
				MARKETING_VERSION = 1.0;
				PRODUCT_BUNDLE_IDENTIFIER = com.teresa.EcoDuty;
				PRODUCT_NAME = "$(TARGET_NAME)";
				PROVISIONING_PROFILE_SPECIFIER = "";
				SWIFT_EMIT_LOC_STRINGS = YES;
				SWIFT_VERSION = 5.0;
				TARGETED_DEVICE_FAMILY = "1,2";
			};
			name = Release;
		};
/* End XCBuildConfiguration section */

/* Begin XCConfigurationList section */
		63E37A38282BAFB0003B2698 /* Build configuration list for PBXProject "EcoDuty" */ = {
			isa = XCConfigurationList;
			buildConfigurations = (
				63E37A49282BAFB1003B2698 /* Debug */,
				63E37A4A282BAFB1003B2698 /* Release */,
			);
			defaultConfigurationIsVisible = 0;
			defaultConfigurationName = Release;
		};
		63E37A4B282BAFB1003B2698 /* Build configuration list for PBXNativeTarget "EcoDuty" */ = {
			isa = XCConfigurationList;
			buildConfigurations = (
				63E37A4C282BAFB1003B2698 /* Debug */,
				63E37A4D282BAFB1003B2698 /* Release */,
			);
			defaultConfigurationIsVisible = 0;
			defaultConfigurationName = Release;
		};
/* End XCConfigurationList section */
	};
	rootObject = 63E37A35282BAFB0003B2698 /* Project object */;
}
